<?xml version="1.0" encoding="utf-8"?>
<Project ToolsVersion="4.0" xmlns="http://schemas.microsoft.com/developer/msbuild/2003">
  <ItemGroup>
    <ClInclude Include="Core.h" />
    <ClInclude Include="ApiDefs.h" />
    <ClInclude Include="Messages.h" />
    <ClInclude Include="TaskWindow.h" />
    <ClInclude Include="ISettingsReader.hpp">
      <Filter>Interfaces</Filter>
    </ClInclude>
    <ClInclude Include="IPane.hpp">
      <Filter>Interfaces</Filter>
    </ClInclude>
    <ClInclude Include="IMessageHandler.hpp">
      <Filter>Interfaces</Filter>
    </ClInclude>
    <ClInclude Include="ILogger.hpp">
      <Filter>Interfaces</Filter>
    </ClInclude>
    <ClInclude Include="IFileSystemWatcher.hpp">
      <Filter>Interfaces</Filter>
    </ClInclude>
    <ClInclude Include="IFileSystemEventHandler.hpp">
      <Filter>Interfaces</Filter>
    </ClInclude>
    <ClInclude Include="IEventProcessor.hpp">
      <Filter>Interfaces</Filter>
    </ClInclude>
    <ClInclude Include="IEventHandler.hpp">
      <Filter>Interfaces</Filter>
    </ClInclude>
    <ClInclude Include="IDisplays.hpp">
      <Filter>Interfaces</Filter>
    </ClInclude>
    <ClInclude Include="IImagePainter.hpp">
      <Filter>Interfaces</Filter>
    </ClInclude>
    <ClInclude Include="IDiscardable.hpp">
      <Filter>Interfaces</Filter>
    </ClInclude>
    <ClInclude Include="IDiscardablePainter.hpp">
      <Filter>Interfaces</Filter>
    </ClInclude>
    <ClInclude Include="IPainter.hpp">
      <Filter>Interfaces</Filter>
    </ClInclude>
    <ClInclude Include="IStringMap.hpp">
      <Filter>Interfaces</Filter>
    </ClInclude>
    <ClInclude Include="Lengths.h" />
    <ClInclude Include="Version.h" />
    <ClInclude Include="IDataProvider.hpp">
      <Filter>Interfaces</Filter>
    </ClInclude>
  </ItemGroup>
  <ItemGroup>
    <ClCompile Include="Core.cpp" />
    <ClCompile Include="Lengths.cpp" />
    <ClCompile Include="Version.cpp" />
  </ItemGroup>
  <ItemGroup>
    <Filter Include="Interfaces">
      <UniqueIdentifier>{ec3134e7-a1b8-41c7-9b47-18a71f9ffc66}</UniqueIdentifier>
    </Filter>
  </ItemGroup>
</Project>