
Microsoft Visual Studio Solution File, Format Version 12.00
# Visual Studio 2012
Project("{8BC9CEB8-8B4A-11D0-8D11-00A0C91BC942}") = "nDesk", "nDesk\nDesk.vcxproj", "{F1BBDAA9-8D85-49E0-9906-DB287103D90E}"
	ProjectSection(ProjectDependencies) = postProject
		{91B4220F-6589-4739-BCA7-3FF9F83FCE04} = {91B4220F-6589-4739-BCA7-3FF9F83FCE04}
		{66F96FF8-FEC5-455A-BEAC-3975DB89A772} = {66F96FF8-FEC5-455A-BEAC-3975DB89A772}
	EndProjectSection
EndProject
Project("{8BC9CEB8-8B4A-11D0-8D11-00A0C91BC942}") = "nCore", "nCore\nCore.vcxproj", "{9F3EF9E6-6EA0-4AA3-98E4-C6A4061C9307}"
	ProjectSection(ProjectDependencies) = postProject
		{91B4220F-6589-4739-BCA7-3FF9F83FCE04} = {91B4220F-6589-4739-BCA7-3FF9F83FCE04}
	EndProjectSection
EndProject
Project("{8BC9CEB8-8B4A-11D0-8D11-00A0C91BC942}") = "nTask", "nTasks\nTasks.vcxproj", "{EC5B92DD-8093-4DE4-8989-95C9A07AC2B0}"
	ProjectSection(ProjectDependencies) = postProject
		{91B4220F-6589-4739-BCA7-3FF9F83FCE04} = {91B4220F-6589-4739-BCA7-3FF9F83FCE04}
		{66F96FF8-FEC5-455A-BEAC-3975DB89A772} = {66F96FF8-FEC5-455A-BEAC-3975DB89A772}
	EndProjectSection
EndProject
Project("{8BC9CEB8-8B4A-11D0-8D11-00A0C91BC942}") = "nTray", "nTray\nTray.vcxproj", "{A8FA919B-1391-4E7E-8196-38950F46D396}"
	ProjectSection(ProjectDependencies) = postProject
		{91B4220F-6589-4739-BCA7-3FF9F83FCE04} = {91B4220F-6589-4739-BCA7-3FF9F83FCE04}
		{66F96FF8-FEC5-455A-BEAC-3975DB89A772} = {66F96FF8-FEC5-455A-BEAC-3975DB89A772}
	EndProjectSection
EndProject
Project("{8BC9CEB8-8B4A-11D0-8D11-00A0C91BC942}") = "nLabel", "nLabel\nLabel.vcxproj", "{2731BE70-4DDC-474F-9551-682D1E1240C8}"
	ProjectSection(ProjectDependencies) = postProject
		{91B4220F-6589-4739-BCA7-3FF9F83FCE04} = {91B4220F-6589-4739-BCA7-3FF9F83FCE04}
		{66F96FF8-FEC5-455A-BEAC-3975DB89A772} = {66F96FF8-FEC5-455A-BEAC-3975DB89A772}
	EndProjectSection
EndProject
Project("{8BC9CEB8-8B4A-11D0-8D11-00A0C91BC942}") = "nIcon", "nIcon\nIcon.vcxproj", "{0ED50CF3-6DEB-4F7A-935F-EF1234147D25}"
	ProjectSection(ProjectDependencies) = postProject
		{91B4220F-6589-4739-BCA7-3FF9F83FCE04} = {91B4220F-6589-4739-BCA7-3FF9F83FCE04}
		{66F96FF8-FEC5-455A-BEAC-3975DB89A772} = {66F96FF8-FEC5-455A-BEAC-3975DB89A772}
	EndProjectSection
EndProject
Project("{8BC9CEB8-8B4A-11D0-8D11-00A0C91BC942}") = "nCoreCom", "nCoreCom\nCoreCom.vcxproj", "{66F96FF8-FEC5-455A-BEAC-3975DB89A772}"
	ProjectSection(ProjectDependencies) = postProject
		{91B4220F-6589-4739-BCA7-3FF9F83FCE04} = {91B4220F-6589-4739-BCA7-3FF9F83FCE04}
	EndProjectSection
EndProject
Project("{8BC9CEB8-8B4A-11D0-8D11-00A0C91BC942}") = "nShared", "nShared\nShared.vcxproj", "{91B4220F-6589-4739-BCA7-3FF9F83FCE04}"
EndProject
Project("{8BC9CEB8-8B4A-11D0-8D11-00A0C91BC942}") = "nKey", "nKey\nKey.vcxproj", "{07FDB39B-D23E-45D6-852F-125DBADB7C2D}"
	ProjectSection(ProjectDependencies) = postProject
		{91B4220F-6589-4739-BCA7-3FF9F83FCE04} = {91B4220F-6589-4739-BCA7-3FF9F83FCE04}
	EndProjectSection
EndProject
Project("{2150E333-8FDC-42A3-9474-1A3956D46DE8}") = "Libraries", "Libraries", "{89964B45-85F2-4A2C-BA7D-2698E96A3609}"
EndProject
Project("{8BC9CEB8-8B4A-11D0-8D11-00A0C91BC942}") = "nTaskSwitch", "nTaskSwitch\nTaskSwitch.vcxproj", "{FBB8FAA6-D226-46AD-8100-C56EF77DD8C7}"
	ProjectSection(ProjectDependencies) = postProject
		{91B4220F-6589-4739-BCA7-3FF9F83FCE04} = {91B4220F-6589-4739-BCA7-3FF9F83FCE04}
		{66F96FF8-FEC5-455A-BEAC-3975DB89A772} = {66F96FF8-FEC5-455A-BEAC-3975DB89A772}
	EndProjectSection
EndProject
Project("{8BC9CEB8-8B4A-11D0-8D11-00A0C91BC942}") = "nPopup", "nPopup\nPopup.vcxproj", "{7F0B7CF6-6CB0-4159-924C-254343829E0F}"
	ProjectSection(ProjectDependencies) = postProject
		{91B4220F-6589-4739-BCA7-3FF9F83FCE04} = {91B4220F-6589-4739-BCA7-3FF9F83FCE04}
		{66F96FF8-FEC5-455A-BEAC-3975DB89A772} = {66F96FF8-FEC5-455A-BEAC-3975DB89A772}
	EndProjectSection
EndProject
Project("{8BC9CEB8-8B4A-11D0-8D11-00A0C91BC942}") = "nVWM", "nVWM\nVWM.vcxproj", "{D4F4DA3B-932A-4D9A-A1B6-82B082FC0DC7}"
	ProjectSection(ProjectDependencies) = postProject
		{91B4220F-6589-4739-BCA7-3FF9F83FCE04} = {91B4220F-6589-4739-BCA7-3FF9F83FCE04}
		{66F96FF8-FEC5-455A-BEAC-3975DB89A772} = {66F96FF8-FEC5-455A-BEAC-3975DB89A772}
	EndProjectSection
EndProject
Project("{8BC9CEB8-8B4A-11D0-8D11-00A0C91BC942}") = "nClock", "nClock\nClock.vcxproj", "{5246F288-DFE9-41B0-9FE2-FEE1CE4D1198}"
	ProjectSection(ProjectDependencies) = postProject
		{91B4220F-6589-4739-BCA7-3FF9F83FCE04} = {91B4220F-6589-4739-BCA7-3FF9F83FCE04}
		{66F96FF8-FEC5-455A-BEAC-3975DB89A772} = {66F96FF8-FEC5-455A-BEAC-3975DB89A772}
	EndProjectSection
EndProject
Project("{8BC9CEB8-8B4A-11D0-8D11-00A0C91BC942}") = "nCalendar", "nCalendar\nCalendar.vcxproj", "{D5507931-8D74-47CC-A67E-2F5BCE89FCDD}"
	ProjectSection(ProjectDependencies) = postProject
		{91B4220F-6589-4739-BCA7-3FF9F83FCE04} = {91B4220F-6589-4739-BCA7-3FF9F83FCE04}
		{66F96FF8-FEC5-455A-BEAC-3975DB89A772} = {66F96FF8-FEC5-455A-BEAC-3975DB89A772}
	EndProjectSection
EndProject
Project("{8BC9CEB8-8B4A-11D0-8D11-00A0C91BC942}") = "nMediaInfo", "nMediaInfo\nMediaInfo.vcxproj", "{CF4EB022-4B80-4477-9A2D-4215B95B9E9C}"
	ProjectSection(ProjectDependencies) = postProject
		{3878A40E-1166-4688-AB52-4CEF1A78EF74} = {3878A40E-1166-4688-AB52-4CEF1A78EF74}
		{91B4220F-6589-4739-BCA7-3FF9F83FCE04} = {91B4220F-6589-4739-BCA7-3FF9F83FCE04}
		{66F96FF8-FEC5-455A-BEAC-3975DB89A772} = {66F96FF8-FEC5-455A-BEAC-3975DB89A772}
	EndProjectSection
EndProject
Project("{8BC9CEB8-8B4A-11D0-8D11-00A0C91BC942}") = "nStartMenu", "nStartMenu\nStartMenu.vcxproj", "{09772DFC-A638-42AA-91D2-436EB5FC2500}"
	ProjectSection(ProjectDependencies) = postProject
		{91B4220F-6589-4739-BCA7-3FF9F83FCE04} = {91B4220F-6589-4739-BCA7-3FF9F83FCE04}
		{66F96FF8-FEC5-455A-BEAC-3975DB89A772} = {66F96FF8-FEC5-455A-BEAC-3975DB89A772}
	EndProjectSection
EndProject
Project("{2150E333-8FDC-42A3-9474-1A3956D46DE8}") = "External Libraries", "External Libraries", "{775BCCF7-072F-4F72-B412-8E2E1D3ED2A9}"
EndProject
Project("{2150E333-8FDC-42A3-9474-1A3956D46DE8}") = "Modules", "Modules", "{A97FAB90-A70A-45D6-AF0A-510944EB46A3}"
EndProject
Project("{8BC9CEB8-8B4A-11D0-8D11-00A0C91BC942}") = "id3lib", "External\id3lib\id3lib.vcxproj", "{3878A40E-1166-4688-AB52-4CEF1A78EF74}"
	ProjectSection(ProjectDependencies) = postProject
		{AD6AFEB5-9B68-4D74-A09A-AC74DD41B80B} = {AD6AFEB5-9B68-4D74-A09A-AC74DD41B80B}
	EndProjectSection
EndProject
Project("{8BC9CEB8-8B4A-11D0-8D11-00A0C91BC942}") = "zlib", "External\zlib\zlib.vcxproj", "{AD6AFEB5-9B68-4D74-A09A-AC74DD41B80B}"
EndProject
Project("{8BC9CEB8-8B4A-11D0-8D11-00A0C91BC942}") = "TagLib", "External\taglib\TagLib.vcxproj", "{0118E777-9742-4EB4-85EC-FB3E16E059A9}"
EndProject
Global
	GlobalSection(SolutionConfigurationPlatforms) = preSolution
		Debug|Win32 = Debug|Win32
		Debug|x64 = Debug|x64
		Release|Win32 = Release|Win32
		Release|x64 = Release|x64
	EndGlobalSection
	GlobalSection(ProjectConfigurationPlatforms) = postSolution
		{F1BBDAA9-8D85-49E0-9906-DB287103D90E}.Debug|Win32.ActiveCfg = Debug|Win32
		{F1BBDAA9-8D85-49E0-9906-DB287103D90E}.Debug|Win32.Build.0 = Debug|Win32
		{F1BBDAA9-8D85-49E0-9906-DB287103D90E}.Debug|x64.ActiveCfg = Debug|x64
		{F1BBDAA9-8D85-49E0-9906-DB287103D90E}.Debug|x64.Build.0 = Debug|x64
		{F1BBDAA9-8D85-49E0-9906-DB287103D90E}.Release|Win32.ActiveCfg = Release|Win32
		{F1BBDAA9-8D85-49E0-9906-DB287103D90E}.Release|Win32.Build.0 = Release|Win32
		{F1BBDAA9-8D85-49E0-9906-DB287103D90E}.Release|x64.ActiveCfg = Release|x64
		{F1BBDAA9-8D85-49E0-9906-DB287103D90E}.Release|x64.Build.0 = Release|x64
		{9F3EF9E6-6EA0-4AA3-98E4-C6A4061C9307}.Debug|Win32.ActiveCfg = Debug|Win32
		{9F3EF9E6-6EA0-4AA3-98E4-C6A4061C9307}.Debug|Win32.Build.0 = Debug|Win32
		{9F3EF9E6-6EA0-4AA3-98E4-C6A4061C9307}.Debug|x64.ActiveCfg = Debug|x64
		{9F3EF9E6-6EA0-4AA3-98E4-C6A4061C9307}.Debug|x64.Build.0 = Debug|x64
		{9F3EF9E6-6EA0-4AA3-98E4-C6A4061C9307}.Release|Win32.ActiveCfg = Release|Win32
		{9F3EF9E6-6EA0-4AA3-98E4-C6A4061C9307}.Release|Win32.Build.0 = Release|Win32
		{9F3EF9E6-6EA0-4AA3-98E4-C6A4061C9307}.Release|x64.ActiveCfg = Release|x64
		{9F3EF9E6-6EA0-4AA3-98E4-C6A4061C9307}.Release|x64.Build.0 = Release|x64
		{EC5B92DD-8093-4DE4-8989-95C9A07AC2B0}.Debug|Win32.ActiveCfg = Debug|Win32
		{EC5B92DD-8093-4DE4-8989-95C9A07AC2B0}.Debug|Win32.Build.0 = Debug|Win32
		{EC5B92DD-8093-4DE4-8989-95C9A07AC2B0}.Debug|x64.ActiveCfg = Debug|x64
		{EC5B92DD-8093-4DE4-8989-95C9A07AC2B0}.Debug|x64.Build.0 = Debug|x64
		{EC5B92DD-8093-4DE4-8989-95C9A07AC2B0}.Release|Win32.ActiveCfg = Release|Win32
		{EC5B92DD-8093-4DE4-8989-95C9A07AC2B0}.Release|Win32.Build.0 = Release|Win32
		{EC5B92DD-8093-4DE4-8989-95C9A07AC2B0}.Release|x64.ActiveCfg = Release|x64
		{EC5B92DD-8093-4DE4-8989-95C9A07AC2B0}.Release|x64.Build.0 = Release|x64
		{A8FA919B-1391-4E7E-8196-38950F46D396}.Debug|Win32.ActiveCfg = Debug|Win32
		{A8FA919B-1391-4E7E-8196-38950F46D396}.Debug|Win32.Build.0 = Debug|Win32
		{A8FA919B-1391-4E7E-8196-38950F46D396}.Debug|x64.ActiveCfg = Debug|x64
		{A8FA919B-1391-4E7E-8196-38950F46D396}.Debug|x64.Build.0 = Debug|x64
		{A8FA919B-1391-4E7E-8196-38950F46D396}.Release|Win32.ActiveCfg = Release|Win32
		{A8FA919B-1391-4E7E-8196-38950F46D396}.Release|Win32.Build.0 = Release|Win32
		{A8FA919B-1391-4E7E-8196-38950F46D396}.Release|x64.ActiveCfg = Release|x64
		{A8FA919B-1391-4E7E-8196-38950F46D396}.Release|x64.Build.0 = Release|x64
		{2731BE70-4DDC-474F-9551-682D1E1240C8}.Debug|Win32.ActiveCfg = Debug|Win32
		{2731BE70-4DDC-474F-9551-682D1E1240C8}.Debug|Win32.Build.0 = Debug|Win32
		{2731BE70-4DDC-474F-9551-682D1E1240C8}.Debug|x64.ActiveCfg = Debug|x64
		{2731BE70-4DDC-474F-9551-682D1E1240C8}.Debug|x64.Build.0 = Debug|x64
		{2731BE70-4DDC-474F-9551-682D1E1240C8}.Release|Win32.ActiveCfg = Release|Win32
		{2731BE70-4DDC-474F-9551-682D1E1240C8}.Release|Win32.Build.0 = Release|Win32
		{2731BE70-4DDC-474F-9551-682D1E1240C8}.Release|x64.ActiveCfg = Release|x64
		{2731BE70-4DDC-474F-9551-682D1E1240C8}.Release|x64.Build.0 = Release|x64
		{0ED50CF3-6DEB-4F7A-935F-EF1234147D25}.Debug|Win32.ActiveCfg = Debug|Win32
		{0ED50CF3-6DEB-4F7A-935F-EF1234147D25}.Debug|Win32.Build.0 = Debug|Win32
		{0ED50CF3-6DEB-4F7A-935F-EF1234147D25}.Debug|x64.ActiveCfg = Debug|x64
		{0ED50CF3-6DEB-4F7A-935F-EF1234147D25}.Debug|x64.Build.0 = Debug|x64
		{0ED50CF3-6DEB-4F7A-935F-EF1234147D25}.Release|Win32.ActiveCfg = Release|Win32
		{0ED50CF3-6DEB-4F7A-935F-EF1234147D25}.Release|Win32.Build.0 = Release|Win32
		{0ED50CF3-6DEB-4F7A-935F-EF1234147D25}.Release|x64.ActiveCfg = Release|x64
		{0ED50CF3-6DEB-4F7A-935F-EF1234147D25}.Release|x64.Build.0 = Release|x64
		{66F96FF8-FEC5-455A-BEAC-3975DB89A772}.Debug|Win32.ActiveCfg = Debug|Win32
		{66F96FF8-FEC5-455A-BEAC-3975DB89A772}.Debug|Win32.Build.0 = Debug|Win32
		{66F96FF8-FEC5-455A-BEAC-3975DB89A772}.Debug|x64.ActiveCfg = Debug|x64
		{66F96FF8-FEC5-455A-BEAC-3975DB89A772}.Debug|x64.Build.0 = Debug|x64
		{66F96FF8-FEC5-455A-BEAC-3975DB89A772}.Release|Win32.ActiveCfg = Release|Win32
		{66F96FF8-FEC5-455A-BEAC-3975DB89A772}.Release|Win32.Build.0 = Release|Win32
		{66F96FF8-FEC5-455A-BEAC-3975DB89A772}.Release|x64.ActiveCfg = Release|x64
		{66F96FF8-FEC5-455A-BEAC-3975DB89A772}.Release|x64.Build.0 = Release|x64
		{91B4220F-6589-4739-BCA7-3FF9F83FCE04}.Debug|Win32.ActiveCfg = Debug|Win32
		{91B4220F-6589-4739-BCA7-3FF9F83FCE04}.Debug|Win32.Build.0 = Debug|Win32
		{91B4220F-6589-4739-BCA7-3FF9F83FCE04}.Debug|x64.ActiveCfg = Debug|x64
		{91B4220F-6589-4739-BCA7-3FF9F83FCE04}.Debug|x64.Build.0 = Debug|x64
		{91B4220F-6589-4739-BCA7-3FF9F83FCE04}.Release|Win32.ActiveCfg = Release|Win32
		{91B4220F-6589-4739-BCA7-3FF9F83FCE04}.Release|Win32.Build.0 = Release|Win32
		{91B4220F-6589-4739-BCA7-3FF9F83FCE04}.Release|x64.ActiveCfg = Release|x64
		{91B4220F-6589-4739-BCA7-3FF9F83FCE04}.Release|x64.Build.0 = Release|x64
		{07FDB39B-D23E-45D6-852F-125DBADB7C2D}.Debug|Win32.ActiveCfg = Debug|Win32
		{07FDB39B-D23E-45D6-852F-125DBADB7C2D}.Debug|Win32.Build.0 = Debug|Win32
		{07FDB39B-D23E-45D6-852F-125DBADB7C2D}.Debug|x64.ActiveCfg = Debug|x64
		{07FDB39B-D23E-45D6-852F-125DBADB7C2D}.Debug|x64.Build.0 = Debug|x64
		{07FDB39B-D23E-45D6-852F-125DBADB7C2D}.Release|Win32.ActiveCfg = Release|Win32
		{07FDB39B-D23E-45D6-852F-125DBADB7C2D}.Release|Win32.Build.0 = Release|Win32
		{07FDB39B-D23E-45D6-852F-125DBADB7C2D}.Release|x64.ActiveCfg = Release|x64
		{07FDB39B-D23E-45D6-852F-125DBADB7C2D}.Release|x64.Build.0 = Release|x64
		{FBB8FAA6-D226-46AD-8100-C56EF77DD8C7}.Debug|Win32.ActiveCfg = Debug|Win32
		{FBB8FAA6-D226-46AD-8100-C56EF77DD8C7}.Debug|Win32.Build.0 = Debug|Win32
		{FBB8FAA6-D226-46AD-8100-C56EF77DD8C7}.Debug|x64.ActiveCfg = Debug|x64
		{FBB8FAA6-D226-46AD-8100-C56EF77DD8C7}.Debug|x64.Build.0 = Debug|x64
		{FBB8FAA6-D226-46AD-8100-C56EF77DD8C7}.Release|Win32.ActiveCfg = Release|Win32
		{FBB8FAA6-D226-46AD-8100-C56EF77DD8C7}.Release|Win32.Build.0 = Release|Win32
		{FBB8FAA6-D226-46AD-8100-C56EF77DD8C7}.Release|x64.ActiveCfg = Release|x64
		{FBB8FAA6-D226-46AD-8100-C56EF77DD8C7}.Release|x64.Build.0 = Release|x64
		{7F0B7CF6-6CB0-4159-924C-254343829E0F}.Debug|Win32.ActiveCfg = Debug|Win32
		{7F0B7CF6-6CB0-4159-924C-254343829E0F}.Debug|Win32.Build.0 = Debug|Win32
		{7F0B7CF6-6CB0-4159-924C-254343829E0F}.Debug|x64.ActiveCfg = Debug|x64
		{7F0B7CF6-6CB0-4159-924C-254343829E0F}.Debug|x64.Build.0 = Debug|x64
		{7F0B7CF6-6CB0-4159-924C-254343829E0F}.Release|Win32.ActiveCfg = Release|Win32
		{7F0B7CF6-6CB0-4159-924C-254343829E0F}.Release|Win32.Build.0 = Release|Win32
		{7F0B7CF6-6CB0-4159-924C-254343829E0F}.Release|x64.ActiveCfg = Release|x64
		{7F0B7CF6-6CB0-4159-924C-254343829E0F}.Release|x64.Build.0 = Release|x64
		{D4F4DA3B-932A-4D9A-A1B6-82B082FC0DC7}.Debug|Win32.ActiveCfg = Debug|Win32
		{D4F4DA3B-932A-4D9A-A1B6-82B082FC0DC7}.Debug|Win32.Build.0 = Debug|Win32
		{D4F4DA3B-932A-4D9A-A1B6-82B082FC0DC7}.Debug|x64.ActiveCfg = Debug|x64
		{D4F4DA3B-932A-4D9A-A1B6-82B082FC0DC7}.Debug|x64.Build.0 = Debug|x64
		{D4F4DA3B-932A-4D9A-A1B6-82B082FC0DC7}.Release|Win32.ActiveCfg = Release|Win32
		{D4F4DA3B-932A-4D9A-A1B6-82B082FC0DC7}.Release|Win32.Build.0 = Release|Win32
		{D4F4DA3B-932A-4D9A-A1B6-82B082FC0DC7}.Release|x64.ActiveCfg = Release|x64
		{D4F4DA3B-932A-4D9A-A1B6-82B082FC0DC7}.Release|x64.Build.0 = Release|x64
		{5246F288-DFE9-41B0-9FE2-FEE1CE4D1198}.Debug|Win32.ActiveCfg = Debug|Win32
		{5246F288-DFE9-41B0-9FE2-FEE1CE4D1198}.Debug|Win32.Build.0 = Debug|Win32
		{5246F288-DFE9-41B0-9FE2-FEE1CE4D1198}.Debug|x64.ActiveCfg = Debug|x64
		{5246F288-DFE9-41B0-9FE2-FEE1CE4D1198}.Debug|x64.Build.0 = Debug|x64
		{5246F288-DFE9-41B0-9FE2-FEE1CE4D1198}.Release|Win32.ActiveCfg = Release|Win32
		{5246F288-DFE9-41B0-9FE2-FEE1CE4D1198}.Release|Win32.Build.0 = Release|Win32
		{5246F288-DFE9-41B0-9FE2-FEE1CE4D1198}.Release|x64.ActiveCfg = Release|x64
		{5246F288-DFE9-41B0-9FE2-FEE1CE4D1198}.Release|x64.Build.0 = Release|x64
		{D5507931-8D74-47CC-A67E-2F5BCE89FCDD}.Debug|Win32.ActiveCfg = Debug|Win32
		{D5507931-8D74-47CC-A67E-2F5BCE89FCDD}.Debug|Win32.Build.0 = Debug|Win32
		{D5507931-8D74-47CC-A67E-2F5BCE89FCDD}.Debug|x64.ActiveCfg = Debug|x64
		{D5507931-8D74-47CC-A67E-2F5BCE89FCDD}.Debug|x64.Build.0 = Debug|x64
		{D5507931-8D74-47CC-A67E-2F5BCE89FCDD}.Release|Win32.ActiveCfg = Release|Win32
		{D5507931-8D74-47CC-A67E-2F5BCE89FCDD}.Release|Win32.Build.0 = Release|Win32
		{D5507931-8D74-47CC-A67E-2F5BCE89FCDD}.Release|x64.ActiveCfg = Release|x64
		{D5507931-8D74-47CC-A67E-2F5BCE89FCDD}.Release|x64.Build.0 = Release|x64
		{CF4EB022-4B80-4477-9A2D-4215B95B9E9C}.Debug|Win32.ActiveCfg = Debug|Win32
		{CF4EB022-4B80-4477-9A2D-4215B95B9E9C}.Debug|Win32.Build.0 = Debug|Win32
		{CF4EB022-4B80-4477-9A2D-4215B95B9E9C}.Debug|x64.ActiveCfg = Debug|x64
		{CF4EB022-4B80-4477-9A2D-4215B95B9E9C}.Debug|x64.Build.0 = Debug|x64
		{CF4EB022-4B80-4477-9A2D-4215B95B9E9C}.Release|Win32.ActiveCfg = Release|Win32
		{CF4EB022-4B80-4477-9A2D-4215B95B9E9C}.Release|Win32.Build.0 = Release|Win32
		{CF4EB022-4B80-4477-9A2D-4215B95B9E9C}.Release|x64.ActiveCfg = Release|x64
		{CF4EB022-4B80-4477-9A2D-4215B95B9E9C}.Release|x64.Build.0 = Release|x64
		{09772DFC-A638-42AA-91D2-436EB5FC2500}.Debug|Win32.ActiveCfg = Debug|Win32
		{09772DFC-A638-42AA-91D2-436EB5FC2500}.Debug|Win32.Build.0 = Debug|Win32
		{09772DFC-A638-42AA-91D2-436EB5FC2500}.Debug|x64.ActiveCfg = Debug|x64
		{09772DFC-A638-42AA-91D2-436EB5FC2500}.Debug|x64.Build.0 = Debug|x64
		{09772DFC-A638-42AA-91D2-436EB5FC2500}.Release|Win32.ActiveCfg = Release|Win32
		{09772DFC-A638-42AA-91D2-436EB5FC2500}.Release|Win32.Build.0 = Release|Win32
		{09772DFC-A638-42AA-91D2-436EB5FC2500}.Release|x64.ActiveCfg = Release|x64
		{09772DFC-A638-42AA-91D2-436EB5FC2500}.Release|x64.Build.0 = Release|x64
		{3878A40E-1166-4688-AB52-4CEF1A78EF74}.Debug|Win32.ActiveCfg = Debug|Win32
		{3878A40E-1166-4688-AB52-4CEF1A78EF74}.Debug|Win32.Build.0 = Debug|Win32
		{3878A40E-1166-4688-AB52-4CEF1A78EF74}.Debug|x64.ActiveCfg = Debug|x64
		{3878A40E-1166-4688-AB52-4CEF1A78EF74}.Debug|x64.Build.0 = Debug|x64
		{3878A40E-1166-4688-AB52-4CEF1A78EF74}.Release|Win32.ActiveCfg = Release|Win32
		{3878A40E-1166-4688-AB52-4CEF1A78EF74}.Release|Win32.Build.0 = Release|Win32
		{3878A40E-1166-4688-AB52-4CEF1A78EF74}.Release|x64.ActiveCfg = Release|x64
		{3878A40E-1166-4688-AB52-4CEF1A78EF74}.Release|x64.Build.0 = Release|x64
		{AD6AFEB5-9B68-4D74-A09A-AC74DD41B80B}.Debug|Win32.ActiveCfg = Debug|Win32
		{AD6AFEB5-9B68-4D74-A09A-AC74DD41B80B}.Debug|Win32.Build.0 = Debug|Win32
		{AD6AFEB5-9B68-4D74-A09A-AC74DD41B80B}.Debug|x64.ActiveCfg = Debug|x64
		{AD6AFEB5-9B68-4D74-A09A-AC74DD41B80B}.Debug|x64.Build.0 = Debug|x64
		{AD6AFEB5-9B68-4D74-A09A-AC74DD41B80B}.Release|Win32.ActiveCfg = Release|Win32
		{AD6AFEB5-9B68-4D74-A09A-AC74DD41B80B}.Release|Win32.Build.0 = Release|Win32
		{AD6AFEB5-9B68-4D74-A09A-AC74DD41B80B}.Release|x64.ActiveCfg = Release|x64
		{AD6AFEB5-9B68-4D74-A09A-AC74DD41B80B}.Release|x64.Build.0 = Release|x64
		{0118E777-9742-4EB4-85EC-FB3E16E059A9}.Debug|Win32.ActiveCfg = Debug|Win32
		{0118E777-9742-4EB4-85EC-FB3E16E059A9}.Debug|Win32.Build.0 = Debug|Win32
		{0118E777-9742-4EB4-85EC-FB3E16E059A9}.Debug|x64.ActiveCfg = Debug|x64
		{0118E777-9742-4EB4-85EC-FB3E16E059A9}.Debug|x64.Build.0 = Debug|x64
		{0118E777-9742-4EB4-85EC-FB3E16E059A9}.Release|Win32.ActiveCfg = Release|Win32
		{0118E777-9742-4EB4-85EC-FB3E16E059A9}.Release|Win32.Build.0 = Release|Win32
		{0118E777-9742-4EB4-85EC-FB3E16E059A9}.Release|x64.ActiveCfg = Release|Win32
		{0118E777-9742-4EB4-85EC-FB3E16E059A9}.Release|x64.Build.0 = Release|Win32
	EndGlobalSection
	GlobalSection(SolutionProperties) = preSolution
		HideSolutionNode = FALSE
	EndGlobalSection
	GlobalSection(NestedProjects) = preSolution
		{9F3EF9E6-6EA0-4AA3-98E4-C6A4061C9307} = {A97FAB90-A70A-45D6-AF0A-510944EB46A3}
		{EC5B92DD-8093-4DE4-8989-95C9A07AC2B0} = {A97FAB90-A70A-45D6-AF0A-510944EB46A3}
		{A8FA919B-1391-4E7E-8196-38950F46D396} = {A97FAB90-A70A-45D6-AF0A-510944EB46A3}
		{2731BE70-4DDC-474F-9551-682D1E1240C8} = {A97FAB90-A70A-45D6-AF0A-510944EB46A3}
		{0ED50CF3-6DEB-4F7A-935F-EF1234147D25} = {A97FAB90-A70A-45D6-AF0A-510944EB46A3}
		{07FDB39B-D23E-45D6-852F-125DBADB7C2D} = {A97FAB90-A70A-45D6-AF0A-510944EB46A3}
		{FBB8FAA6-D226-46AD-8100-C56EF77DD8C7} = {A97FAB90-A70A-45D6-AF0A-510944EB46A3}
		{7F0B7CF6-6CB0-4159-924C-254343829E0F} = {A97FAB90-A70A-45D6-AF0A-510944EB46A3}
		{D4F4DA3B-932A-4D9A-A1B6-82B082FC0DC7} = {A97FAB90-A70A-45D6-AF0A-510944EB46A3}
		{5246F288-DFE9-41B0-9FE2-FEE1CE4D1198} = {A97FAB90-A70A-45D6-AF0A-510944EB46A3}
		{D5507931-8D74-47CC-A67E-2F5BCE89FCDD} = {A97FAB90-A70A-45D6-AF0A-510944EB46A3}
		{CF4EB022-4B80-4477-9A2D-4215B95B9E9C} = {A97FAB90-A70A-45D6-AF0A-510944EB46A3}
		{09772DFC-A638-42AA-91D2-436EB5FC2500} = {A97FAB90-A70A-45D6-AF0A-510944EB46A3}
		{F1BBDAA9-8D85-49E0-9906-DB287103D90E} = {A97FAB90-A70A-45D6-AF0A-510944EB46A3}
		{91B4220F-6589-4739-BCA7-3FF9F83FCE04} = {89964B45-85F2-4A2C-BA7D-2698E96A3609}
		{66F96FF8-FEC5-455A-BEAC-3975DB89A772} = {89964B45-85F2-4A2C-BA7D-2698E96A3609}
		{3878A40E-1166-4688-AB52-4CEF1A78EF74} = {775BCCF7-072F-4F72-B412-8E2E1D3ED2A9}
		{AD6AFEB5-9B68-4D74-A09A-AC74DD41B80B} = {775BCCF7-072F-4F72-B412-8E2E1D3ED2A9}
		{0118E777-9742-4EB4-85EC-FB3E16E059A9} = {775BCCF7-072F-4F72-B412-8E2E1D3ED2A9}
	EndGlobalSection
EndGlobal
