<?xml version="1.0" encoding="utf-8"?>
<Project ToolsVersion="4.0" xmlns="http://schemas.microsoft.com/developer/msbuild/2003">
  <ItemGroup>
    <ClInclude Include="Version.h" />
    <ClInclude Include="Clock.hpp" />
    <ClInclude Include="ClockHand.hpp" />
  </ItemGroup>
  <ItemGroup>
    <ClCompile Include="nClock.cpp" />
    <ClCompile Include="Clock.cpp" />
    <ClCompile Include="ClockHand.cpp" />
  </ItemGroup>
  <ItemGroup>
    <ResourceCompile Include="nClock.rc" />
  </ItemGroup>
</Project>