<?xml version="1.0" encoding="utf-8"?>
<Project ToolsVersion="4.0" xmlns="http://schemas.microsoft.com/developer/msbuild/2003">
  <ItemGroup>
    <Filter Include="Brushes">
      <UniqueIdentifier>{31715971-4ffc-42dc-8d01-df45be900325}</UniqueIdentifier>
    </Filter>
    <Filter Include="Drawables">
      <UniqueIdentifier>{12944f3b-db83-4b62-8719-0347689a275c}</UniqueIdentifier>
    </Filter>
  </ItemGroup>
  <ItemGroup>
    <ClInclude Include="Balloon.hpp">
      <Filter>Drawables</Filter>
    </ClInclude>
    <ClInclude Include="Tooltip.hpp">
      <Filter>Drawables</Filter>
    </ClInclude>
    <ClInclude Include="WindowThumbnail.hpp">
      <Filter>Drawables</Filter>
    </ClInclude>
    <ClInclude Include="BrushBangs.h" />
    <ClInclude Include="BrushSettings.hpp" />
    <ClInclude Include="Color.h" />
    <ClInclude Include="Easing.h" />
    <ClInclude Include="ErrorHandler.h" />
    <ClInclude Include="EventHandler.hpp" />
    <ClInclude Include="Factories.h" />
    <ClInclude Include="IBrushOwner.hpp" />
    <ClInclude Include="IPainter.hpp" />
    <ClInclude Include="LayoutSettings.hpp" />
    <ClInclude Include="LiteStep.h" />
    <ClInclude Include="LSModule.hpp" />
    <ClInclude Include="MessageHandler.hpp" />
    <ClInclude Include="MonitorInfo.hpp" />
    <ClInclude Include="Overlay.hpp" />
    <ClInclude Include="Settings.hpp" />
    <ClInclude Include="State.hpp" />
    <ClInclude Include="StateBangs.h" />
    <ClInclude Include="StateSettings.hpp" />
    <ClInclude Include="Version.h" />
    <ClInclude Include="Coordinate.hpp" />
    <ClInclude Include="Length.hpp" />
    <ClInclude Include="Brush.hpp">
      <Filter>Brushes</Filter>
    </ClInclude>
    <ClInclude Include="Drawable.hpp">
      <Filter>Drawables</Filter>
    </ClInclude>
    <ClInclude Include="DrawableSettings.hpp">
      <Filter>Drawables</Filter>
    </ClInclude>
    <ClInclude Include="DrawableWindow.hpp">
      <Filter>Drawables</Filter>
    </ClInclude>
    <ClInclude Include="DrawableWindowBangs.h">
      <Filter>Drawables</Filter>
    </ClInclude>
  </ItemGroup>
  <ItemGroup>
    <ClCompile Include="BrushBangs.cpp" />
    <ClCompile Include="BrushSettings.cpp" />
    <ClCompile Include="Color.cpp" />
    <ClCompile Include="Easing.cpp" />
    <ClCompile Include="ErrorHandler.cpp" />
    <ClCompile Include="EventHandler.cpp" />
    <ClCompile Include="Factories.cpp" />
    <ClCompile Include="LayoutSettings.cpp" />
    <ClCompile Include="LiteStep.cpp" />
    <ClCompile Include="LSModule.cpp" />
    <ClCompile Include="MessageHandler.cpp" />
    <ClCompile Include="MonitorInfo.cpp" />
    <ClCompile Include="Overlay.cpp" />
    <ClCompile Include="Settings.cpp" />
    <ClCompile Include="State.cpp" />
    <ClCompile Include="StateBangs.cpp" />
    <ClCompile Include="StateSettings.cpp" />
    <ClCompile Include="WindowThumbnail.cpp">
      <Filter>Drawables</Filter>
    </ClCompile>
    <ClCompile Include="Balloon.cpp">
      <Filter>Drawables</Filter>
    </ClCompile>
    <ClCompile Include="Tooltip.cpp">
      <Filter>Drawables</Filter>
    </ClCompile>
    <ClCompile Include="Coordinate.cpp" />
    <ClCompile Include="Length.cpp" />
    <ClCompile Include="Brush.cpp">
      <Filter>Brushes</Filter>
    </ClCompile>
    <ClCompile Include="DrawableWindowUnknown.cpp">
      <Filter>Drawables</Filter>
    </ClCompile>
    <ClCompile Include="Drawable.cpp">
      <Filter>Drawables</Filter>
    </ClCompile>
    <ClCompile Include="DrawableSettings.cpp">
      <Filter>Drawables</Filter>
    </ClCompile>
    <ClCompile Include="DrawableWindow.cpp">
      <Filter>Drawables</Filter>
    </ClCompile>
    <ClCompile Include="DrawableWindowBangs.cpp">
      <Filter>Drawables</Filter>
    </ClCompile>
    <ClCompile Include="DrawableWindowDropTarget.cpp">
      <Filter>Drawables</Filter>
    </ClCompile>
  </ItemGroup>
</Project>