<?xml version="1.0" encoding="utf-8"?>
<Project ToolsVersion="4.0" xmlns="http://schemas.microsoft.com/developer/msbuild/2003">
  <ItemGroup>
    <ClCompile Include="nTask.cpp" />
    <ClCompile Include="Taskbar.cpp" />
    <ClCompile Include="TaskButton.cpp" />
    <ClCompile Include="TaskbarManager.cpp" />
  </ItemGroup>
  <ItemGroup>
    <ClInclude Include="Taskbar.hpp" />
    <ClInclude Include="TaskButton.hpp" />
    <ClInclude Include="TaskbarManager.hpp" />
    <ClInclude Include="Messages.h" />
    <ClInclude Include="TaskData.h" />
    <ClInclude Include="resource.h" />
  </ItemGroup>
  <ItemGroup>
    <ResourceCompile Include="nTask.rc" />
  </ItemGroup>
</Project>