<?xml version="1.0" encoding="utf-8"?>
<Project ToolsVersion="4.0" xmlns="http://schemas.microsoft.com/developer/msbuild/2003">
  <ItemGroup>
    <ClCompile Include="nCore.cpp" />
    <ClCompile Include="Displays.cpp" />
    <ClCompile Include="Factories.cpp" />
    <ClCompile Include="LiteStep.cpp" />
    <ClCompile Include="Parsers.cpp" />
    <ClCompile Include="PanePublicApi.cpp">
      <Filter>Implementations\Pane</Filter>
    </ClCompile>
    <ClCompile Include="Pane.cpp">
      <Filter>Implementations\Pane</Filter>
    </ClCompile>
    <ClCompile Include="PaneMessageHandler.cpp">
      <Filter>Implementations\Pane</Filter>
    </ClCompile>
    <ClCompile Include="WindowMonitor.cpp">
      <Filter>Services</Filter>
    </ClCompile>
    <ClCompile Include="SettingsReader.cpp">
      <Filter>Implementations</Filter>
    </ClCompile>
    <ClCompile Include="EventHandler.cpp">
      <Filter>Implementations</Filter>
    </ClCompile>
    <ClCompile Include="Logger.cpp">
      <Filter>Implementations</Filter>
    </ClCompile>
    <ClCompile Include="MessageRegistrar.cpp">
      <Filter>Services</Filter>
    </ClCompile>
    <ClCompile Include="State.cpp">
      <Filter>Implementations\StatePainter</Filter>
    </ClCompile>
    <ClCompile Include="PanePrivateApi.cpp">
      <Filter>Implementations\Pane</Filter>
    </ClCompile>
    <ClCompile Include="BackgroundPainter.cpp">
      <Filter>Implementations\Painters\BackgroundPainter</Filter>
    </ClCompile>
    <ClCompile Include="TextPainter.cpp">
      <Filter>Implementations\Painters\TextPainter</Filter>
    </ClCompile>
    <ClCompile Include="ImagePainter.cpp">
      <Filter>Implementations\Painters</Filter>
    </ClCompile>
    <ClCompile Include="ChildPainter.cpp">
      <Filter>Implementations\Painters</Filter>
    </ClCompile>
    <ClCompile Include="TextPainterState.cpp">
      <Filter>Implementations\Painters\TextPainter</Filter>
    </ClCompile>
    <ClCompile Include="BackgroundPainterState.cpp">
      <Filter>Implementations\Painters\BackgroundPainter</Filter>
    </ClCompile>
    <ClCompile Include="Timers.cpp">
      <Filter>Services</Filter>
    </ClCompile>
    <ClCompile Include="DataManager.cpp" />
  </ItemGroup>
  <ItemGroup>
    <ClInclude Include="Displays.hpp" />
    <ClInclude Include="Factories.h" />
    <ClInclude Include="Pane.hpp">
      <Filter>Implementations\Pane</Filter>
    </ClInclude>
    <ClInclude Include="Messages.h" />
    <ClInclude Include="Api.h" />
    <ClInclude Include="SettingsReader.hpp">
      <Filter>Implementations</Filter>
    </ClInclude>
    <ClInclude Include="EventHandler.hpp">
      <Filter>Implementations</Filter>
    </ClInclude>
    <ClInclude Include="MessageRegistrar.h">
      <Filter>Services</Filter>
    </ClInclude>
    <ClInclude Include="Logger.hpp">
      <Filter>Implementations</Filter>
    </ClInclude>
    <ClInclude Include="StatePainterData.hpp">
      <Filter>Implementations\StatePainter</Filter>
    </ClInclude>
    <ClInclude Include="State.hpp">
      <Filter>Implementations\StatePainter</Filter>
    </ClInclude>
    <ClInclude Include="BackgroundPainter.hpp">
      <Filter>Implementations\Painters\BackgroundPainter</Filter>
    </ClInclude>
    <ClInclude Include="TextPainter.hpp">
      <Filter>Implementations\Painters\TextPainter</Filter>
    </ClInclude>
    <ClInclude Include="ImagePainter.hpp">
      <Filter>Implementations\Painters</Filter>
    </ClInclude>
    <ClInclude Include="ChildPainter.hpp">
      <Filter>Implementations\Painters</Filter>
    </ClInclude>
    <ClInclude Include="TextPainterState.hpp">
      <Filter>Implementations\Painters\TextPainter</Filter>
    </ClInclude>
    <ClInclude Include="BackgroundPainterState.hpp">
      <Filter>Implementations\Painters\BackgroundPainter</Filter>
    </ClInclude>
    <ClInclude Include="Timers.h">
      <Filter>Services</Filter>
    </ClInclude>
    <ClInclude Include="WindowMonitor.h">
      <Filter>Services</Filter>
    </ClInclude>
  </ItemGroup>
  <ItemGroup>
    <Filter Include="Implementations">
      <UniqueIdentifier>{c5b7a346-8158-4fbe-aafd-0b9c6bb80ca8}</UniqueIdentifier>
    </Filter>
    <Filter Include="Services">
      <UniqueIdentifier>{bf84c966-c649-4bc2-90e0-dc367437a44c}</UniqueIdentifier>
    </Filter>
    <Filter Include="Implementations\Pane">
      <UniqueIdentifier>{00cb5003-fdeb-4309-ba6d-83e5a3deab6d}</UniqueIdentifier>
    </Filter>
    <Filter Include="Implementations\StatePainter">
      <UniqueIdentifier>{c67b0794-f7fc-4f6c-9e6b-42500f5a40d9}</UniqueIdentifier>
    </Filter>
    <Filter Include="Implementations\Painters">
      <UniqueIdentifier>{53268efa-2098-485f-b208-0fadaf0e1963}</UniqueIdentifier>
    </Filter>
    <Filter Include="Implementations\Painters\BackgroundPainter">
      <UniqueIdentifier>{8c246bc6-78d8-499f-b2c2-9b8a447aa90d}</UniqueIdentifier>
    </Filter>
    <Filter Include="Implementations\Painters\TextPainter">
      <UniqueIdentifier>{d8d73dd3-90b7-4c54-8e7a-26a88dbcf6bc}</UniqueIdentifier>
    </Filter>
  </ItemGroup>
  <ItemGroup>
    <ResourceCompile Include="nCore.rc" />
  </ItemGroup>
</Project>