<?xml version="1.0" encoding="utf-8"?>
<Project ToolsVersion="4.0" xmlns="http://schemas.microsoft.com/developer/msbuild/2003">
  <ItemGroup>
    <ClInclude Include="Version.h" />
    <ClInclude Include="Tray.hpp" />
    <ClInclude Include="TrayIcon.hpp" />
    <ClInclude Include=".\TrayManager.h" />
    <ClInclude Include="Types.h" />
  </ItemGroup>
  <ItemGroup>
    <ClCompile Include=".\TrayManager.cpp" />
    <ClCompile Include="nTray.cpp" />
    <ClCompile Include="Tray.cpp" />
    <ClCompile Include="TrayIcon.cpp" />
  </ItemGroup>
  <ItemGroup>
    <ResourceCompile Include="nTray.rc" />
  </ItemGroup>
</Project>