<?xml version="1.0" encoding="utf-8"?>
<Project ToolsVersion="4.0" xmlns="http://schemas.microsoft.com/developer/msbuild/2003">
  <ItemGroup>
    <ClInclude Include="Math.h" />
    <ClInclude Include="AlgorithmExt.h" />
    <ClInclude Include="LiteStep.h" />
    <ClInclude Include="ShellHelpers.h" />
    <ClInclude Include="Forwardable.hpp" />
    <ClInclude Include="LayoutSettings.hpp" />
    <ClInclude Include="Error.h" />
    <ClInclude Include="Optional.hpp" />
    <ClInclude Include="FallbackOptional.hpp" />
    <ClInclude Include="StringMap.hpp" />
    <ClInclude Include="UIDGenerator.hpp" />
    <ClInclude Include="String.h" />
  </ItemGroup>
  <ItemGroup>
    <ClCompile Include="Math.cpp" />
    <ClCompile Include="LiteStep.cpp" />
    <ClCompile Include="ShellHelpers.cpp" />
    <ClCompile Include="LayoutSettings.cpp" />
    <ClCompile Include="Error.cpp" />
    <ClCompile Include="StringMap.cpp" />
  </ItemGroup>
</Project>