<?xml version="1.0" encoding="utf-8"?>
<Project ToolsVersion="4.0" xmlns="http://schemas.microsoft.com/developer/msbuild/2003">
  <ItemGroup>
    <ClInclude Include="Version.h" />
    <ClInclude Include="nTaskSwitch.h" />
    <ClInclude Include="TaskSwitcher.hpp" />
    <ClInclude Include="TaskThumbnail.hpp" />
    <ClInclude Include="ThumbnailSettings.hpp" />
  </ItemGroup>
  <ItemGroup>
    <ClCompile Include="TaskThumbnail.cpp" />
    <ClCompile Include="TaskSwitcher.cpp" />
    <ClCompile Include="nTaskSwitch.cpp" />
    <ClCompile Include="ThumbnailSettings.cpp" />
  </ItemGroup>
  <ItemGroup>
    <ResourceCompile Include="nTaskSwitch.rc" />
  </ItemGroup>
</Project>