<?xml version="1.0" encoding="utf-8"?>
<Project ToolsVersion="4.0" xmlns="http://schemas.microsoft.com/developer/msbuild/2003">
  <ItemGroup>
    <Filter Include="Resource Files">
      <UniqueIdentifier>{67DA6AB6-F800-4c08-8B7A-83BB121AAD01}</UniqueIdentifier>
      <Extensions>rc;ico;cur;bmp;dlg;rc2;rct;bin;rgs;gif;jpg;jpeg;jpe;resx;tiff;tif;png;wav;mfcribbon-ms</Extensions>
    </Filter>
    <Filter Include="Scripting">
      <UniqueIdentifier>{035bab73-c7cb-4ee5-b7dc-bc53ece9fa4b}</UniqueIdentifier>
    </Filter>
  </ItemGroup>
  <ItemGroup>
    <ClInclude Include="Version.h" />
    <ClInclude Include="IParsedText.hpp" />
    <ClInclude Include="nCore.h" />
    <ClInclude Include="ParsedText.hpp" />
    <ClInclude Include="TextFunctions.h" />
    <ClInclude Include="Scripting.h">
      <Filter>Scripting</Filter>
    </ClInclude>
    <ClInclude Include="ScriptingLSCore.h">
      <Filter>Scripting</Filter>
    </ClInclude>
    <ClInclude Include="ScriptingNCore.h">
      <Filter>Scripting</Filter>
    </ClInclude>
    <ClInclude Include="ScriptingHelpers.h">
      <Filter>Scripting</Filter>
    </ClInclude>
    <ClInclude Include="ScriptingEvents.h">
      <Filter>Scripting</Filter>
    </ClInclude>
  </ItemGroup>
  <ItemGroup>
    <ClCompile Include="WindowRegistrar.cpp" />
    <ClCompile Include="ParsedText.cpp" />
    <ClCompile Include="TextFunctions.cpp" />
    <ClCompile Include="nCore.cpp" />
    <ClCompile Include="Scripting.cpp">
      <Filter>Scripting</Filter>
    </ClCompile>
    <ClCompile Include="ScriptingLSCore.cpp">
      <Filter>Scripting</Filter>
    </ClCompile>
    <ClCompile Include="ScriptingNCore.cpp">
      <Filter>Scripting</Filter>
    </ClCompile>
    <ClCompile Include="ScriptingEvents.cpp">
      <Filter>Scripting</Filter>
    </ClCompile>
  </ItemGroup>
  <ItemGroup>
    <ResourceCompile Include="nCore.rc">
      <Filter>Resource Files</Filter>
    </ResourceCompile>
  </ItemGroup>
</Project>