Microsoft Visual Studio Solution File, Format Version 14.00
# Visual Studio 2015
VisualStudioVersion = 14.0.22310.1
MinimumVisualStudioVersion = 14.0.22310.1
Project("{8BC9CEB8-8B4A-11D0-8D11-00A0C91BC942}") = "nDesk", "nDesk\nDesk.vcxproj", "{8EE4B61B-F372-48AD-ACC6-DA53EB4742AC}"
EndProject
Project("{2150E333-8FDC-42A3-9474-1A3956D46DE8}") = "Modules", "Modules", "{356D83DF-9894-45E8-8308-9384DF1B54DD}"
EndProject
Project("{8BC9CEB8-8B4A-11D0-8D11-00A0C91BC942}") = "Headers", "Headers\Headers.vcxproj", "{9A971A00-A016-4CC7-856D-939B5C1F895C}"
EndProject
Project("{2150E333-8FDC-42A3-9474-1A3956D46DE8}") = "Libraries", "Libraries", "{9C71B613-75C3-4413-8781-D6192351B49F}"
EndProject
Project("{8BC9CEB8-8B4A-11D0-8D11-00A0C91BC942}") = "nCore", "nCore\nCore.vcxproj", "{849D84B9-F80B-464B-83C1-D65F491D91EF}"
EndProject
Project("{8BC9CEB8-8B4A-11D0-8D11-00A0C91BC942}") = "nCoreApi", "nCoreApi\nCoreApi.vcxproj", "{DBBF5B43-FF47-437C-85E5-FB7C024AAB61}"
EndProject
Project("{8BC9CEB8-8B4A-11D0-8D11-00A0C91BC942}") = "nShared", "nShared\nShared.vcxproj", "{1EF8CA33-6355-4206-B3CF-E500498AA67D}"
EndProject
Project("{8BC9CEB8-8B4A-11D0-8D11-00A0C91BC942}") = "nClock", "nClock\nClock.vcxproj", "{E980D758-3460-4AA1-8171-8EDA286C4CBD}"
EndProject
Project("{8BC9CEB8-8B4A-11D0-8D11-00A0C91BC942}") = "nIcon", "nIcon\nIcon.vcxproj", "{26E5C79B-2939-4A59-B748-17585809457F}"
EndProject
Project("{8BC9CEB8-8B4A-11D0-8D11-00A0C91BC942}") = "nKey", "nKey\nKey.vcxproj", "{262887DA-7F1F-4436-89CC-B48BC53018ED}"
EndProject
Project("{8BC9CEB8-8B4A-11D0-8D11-00A0C91BC942}") = "nLabel", "nLabel\nLabel.vcxproj", "{CC6061EB-E38D-4F0D-9F7A-BC01A7A761D9}"
EndProject
Project("{8BC9CEB8-8B4A-11D0-8D11-00A0C91BC942}") = "nMediaInfo", "nMediaInfo\nMediaInfo.vcxproj", "{1AF5CA78-79B4-4E4E-8BBB-B9095D8D64B3}"
EndProject
Project("{8BC9CEB8-8B4A-11D0-8D11-00A0C91BC942}") = "nPopup", "nPopup\nPopup.vcxproj", "{47B33BE7-E9A5-4ED7-ABE3-E6263196FDFC}"
EndProject
Project("{8BC9CEB8-8B4A-11D0-8D11-00A0C91BC942}") = "nStartMenu", "nStartMenu\nStartMenu.vcxproj", "{CD1804E3-F6F2-4AB1-AB45-3B012F9AAB6B}"
EndProject
Project("{8BC9CEB8-8B4A-11D0-8D11-00A0C91BC942}") = "nTask", "nTask\nTask.vcxproj", "{FBE34DC5-F046-47CD-B384-5A95B32620A8}"
EndProject
Project("{8BC9CEB8-8B4A-11D0-8D11-00A0C91BC942}") = "nTaskSwitch", "nTaskSwitch\nTaskSwitch.vcxproj", "{3D5A56BF-9AF5-4661-9ABE-2E1F14168942}"
EndProject
Project("{8BC9CEB8-8B4A-11D0-8D11-00A0C91BC942}") = "nTray", "nTray\nTray.vcxproj", "{5CDA05E0-8C49-4BE4-B157-95423653EDE3}"
EndProject
Project("{8BC9CEB8-8B4A-11D0-8D11-00A0C91BC942}") = "nVWM", "nVWM\nVWM.vcxproj", "{E4B4F197-4192-421A-8D41-ADB6A0E25B51}"
EndProject
Project("{8BC9CEB8-8B4A-11D0-8D11-00A0C91BC942}") = "nWallpaper", "nWallpaper\nWallpaper.vcxproj", "{17049036-883C-4374-B17D-5C4E59BC1196}"
EndProject
Project("{2150E333-8FDC-42A3-9474-1A3956D46DE8}") = "Documentation", "Documentation", "{F9AB3B29-2EDB-42F2-AC4E-439C05A7E8B7}"
EndProject
Project("{8BC9CEB8-8B4A-11D0-8D11-00A0C91BC942}") = "nModuleBase", "nModuleBase\nModuleBase.vcxproj", "{64CCC365-FDB1-4018-BE40-4566183B5000}"
EndProject
Global
	GlobalSection(SolutionConfigurationPlatforms) = preSolution
		Debug|Win32 = Debug|Win32
		Debug|x64 = Debug|x64
		Release|Win32 = Release|Win32
		Release|x64 = Release|x64
	EndGlobalSection
	GlobalSection(ProjectConfigurationPlatforms) = postSolution
		{8EE4B61B-F372-48AD-ACC6-DA53EB4742AC}.Debug|Win32.ActiveCfg = Debug|Win32
		{8EE4B61B-F372-48AD-ACC6-DA53EB4742AC}.Debug|Win32.Build.0 = Debug|Win32
		{8EE4B61B-F372-48AD-ACC6-DA53EB4742AC}.Debug|x64.ActiveCfg = Debug|x64
		{8EE4B61B-F372-48AD-ACC6-DA53EB4742AC}.Debug|x64.Build.0 = Debug|x64
		{8EE4B61B-F372-48AD-ACC6-DA53EB4742AC}.Release|Win32.ActiveCfg = Release|Win32
		{8EE4B61B-F372-48AD-ACC6-DA53EB4742AC}.Release|Win32.Build.0 = Release|Win32
		{8EE4B61B-F372-48AD-ACC6-DA53EB4742AC}.Release|x64.ActiveCfg = Release|x64
		{8EE4B61B-F372-48AD-ACC6-DA53EB4742AC}.Release|x64.Build.0 = Release|x64
		{9A971A00-A016-4CC7-856D-939B5C1F895C}.Debug|Win32.ActiveCfg = Debug|Win32
		{9A971A00-A016-4CC7-856D-939B5C1F895C}.Debug|Win32.Build.0 = Debug|Win32
		{9A971A00-A016-4CC7-856D-939B5C1F895C}.Debug|x64.ActiveCfg = Debug|x64
		{9A971A00-A016-4CC7-856D-939B5C1F895C}.Debug|x64.Build.0 = Debug|x64
		{9A971A00-A016-4CC7-856D-939B5C1F895C}.Release|Win32.ActiveCfg = Release|Win32
		{9A971A00-A016-4CC7-856D-939B5C1F895C}.Release|Win32.Build.0 = Release|Win32
		{9A971A00-A016-4CC7-856D-939B5C1F895C}.Release|x64.ActiveCfg = Release|x64
		{9A971A00-A016-4CC7-856D-939B5C1F895C}.Release|x64.Build.0 = Release|x64
		{849D84B9-F80B-464B-83C1-D65F491D91EF}.Debug|Win32.ActiveCfg = Debug|Win32
		{849D84B9-F80B-464B-83C1-D65F491D91EF}.Debug|Win32.Build.0 = Debug|Win32
		{849D84B9-F80B-464B-83C1-D65F491D91EF}.Debug|x64.ActiveCfg = Debug|x64
		{849D84B9-F80B-464B-83C1-D65F491D91EF}.Debug|x64.Build.0 = Debug|x64
		{849D84B9-F80B-464B-83C1-D65F491D91EF}.Release|Win32.ActiveCfg = Release|Win32
		{849D84B9-F80B-464B-83C1-D65F491D91EF}.Release|Win32.Build.0 = Release|Win32
		{849D84B9-F80B-464B-83C1-D65F491D91EF}.Release|x64.ActiveCfg = Release|x64
		{849D84B9-F80B-464B-83C1-D65F491D91EF}.Release|x64.Build.0 = Release|x64
		{DBBF5B43-FF47-437C-85E5-FB7C024AAB61}.Debug|Win32.ActiveCfg = Debug|Win32
		{DBBF5B43-FF47-437C-85E5-FB7C024AAB61}.Debug|Win32.Build.0 = Debug|Win32
		{DBBF5B43-FF47-437C-85E5-FB7C024AAB61}.Debug|x64.ActiveCfg = Debug|x64
		{DBBF5B43-FF47-437C-85E5-FB7C024AAB61}.Debug|x64.Build.0 = Debug|x64
		{DBBF5B43-FF47-437C-85E5-FB7C024AAB61}.Release|Win32.ActiveCfg = Release|Win32
		{DBBF5B43-FF47-437C-85E5-FB7C024AAB61}.Release|Win32.Build.0 = Release|Win32
		{DBBF5B43-FF47-437C-85E5-FB7C024AAB61}.Release|x64.ActiveCfg = Release|x64
		{DBBF5B43-FF47-437C-85E5-FB7C024AAB61}.Release|x64.Build.0 = Release|x64
		{1EF8CA33-6355-4206-B3CF-E500498AA67D}.Debug|Win32.ActiveCfg = Debug|Win32
		{1EF8CA33-6355-4206-B3CF-E500498AA67D}.Debug|Win32.Build.0 = Debug|Win32
		{1EF8CA33-6355-4206-B3CF-E500498AA67D}.Debug|x64.ActiveCfg = Debug|x64
		{1EF8CA33-6355-4206-B3CF-E500498AA67D}.Debug|x64.Build.0 = Debug|x64
		{1EF8CA33-6355-4206-B3CF-E500498AA67D}.Release|Win32.ActiveCfg = Release|Win32
		{1EF8CA33-6355-4206-B3CF-E500498AA67D}.Release|Win32.Build.0 = Release|Win32
		{1EF8CA33-6355-4206-B3CF-E500498AA67D}.Release|x64.ActiveCfg = Release|x64
		{1EF8CA33-6355-4206-B3CF-E500498AA67D}.Release|x64.Build.0 = Release|x64
		{E980D758-3460-4AA1-8171-8EDA286C4CBD}.Debug|Win32.ActiveCfg = Debug|Win32
		{E980D758-3460-4AA1-8171-8EDA286C4CBD}.Debug|Win32.Build.0 = Debug|Win32
		{E980D758-3460-4AA1-8171-8EDA286C4CBD}.Debug|x64.ActiveCfg = Debug|x64
		{E980D758-3460-4AA1-8171-8EDA286C4CBD}.Debug|x64.Build.0 = Debug|x64
		{E980D758-3460-4AA1-8171-8EDA286C4CBD}.Release|Win32.ActiveCfg = Release|Win32
		{E980D758-3460-4AA1-8171-8EDA286C4CBD}.Release|Win32.Build.0 = Release|Win32
		{E980D758-3460-4AA1-8171-8EDA286C4CBD}.Release|x64.ActiveCfg = Release|x64
		{E980D758-3460-4AA1-8171-8EDA286C4CBD}.Release|x64.Build.0 = Release|x64
		{26E5C79B-2939-4A59-B748-17585809457F}.Debug|Win32.ActiveCfg = Debug|Win32
		{26E5C79B-2939-4A59-B748-17585809457F}.Debug|Win32.Build.0 = Debug|Win32
		{26E5C79B-2939-4A59-B748-17585809457F}.Debug|x64.ActiveCfg = Debug|x64
		{26E5C79B-2939-4A59-B748-17585809457F}.Debug|x64.Build.0 = Debug|x64
		{26E5C79B-2939-4A59-B748-17585809457F}.Release|Win32.ActiveCfg = Release|Win32
		{26E5C79B-2939-4A59-B748-17585809457F}.Release|Win32.Build.0 = Release|Win32
		{26E5C79B-2939-4A59-B748-17585809457F}.Release|x64.ActiveCfg = Release|x64
		{26E5C79B-2939-4A59-B748-17585809457F}.Release|x64.Build.0 = Release|x64
		{262887DA-7F1F-4436-89CC-B48BC53018ED}.Debug|Win32.ActiveCfg = Debug|Win32
		{262887DA-7F1F-4436-89CC-B48BC53018ED}.Debug|Win32.Build.0 = Debug|Win32
		{262887DA-7F1F-4436-89CC-B48BC53018ED}.Debug|x64.ActiveCfg = Debug|x64
		{262887DA-7F1F-4436-89CC-B48BC53018ED}.Debug|x64.Build.0 = Debug|x64
		{262887DA-7F1F-4436-89CC-B48BC53018ED}.Release|Win32.ActiveCfg = Release|Win32
		{262887DA-7F1F-4436-89CC-B48BC53018ED}.Release|Win32.Build.0 = Release|Win32
		{262887DA-7F1F-4436-89CC-B48BC53018ED}.Release|x64.ActiveCfg = Release|x64
		{262887DA-7F1F-4436-89CC-B48BC53018ED}.Release|x64.Build.0 = Release|x64
		{CC6061EB-E38D-4F0D-9F7A-BC01A7A761D9}.Debug|Win32.ActiveCfg = Debug|Win32
		{CC6061EB-E38D-4F0D-9F7A-BC01A7A761D9}.Debug|Win32.Build.0 = Debug|Win32
		{CC6061EB-E38D-4F0D-9F7A-BC01A7A761D9}.Debug|x64.ActiveCfg = Debug|x64
		{CC6061EB-E38D-4F0D-9F7A-BC01A7A761D9}.Debug|x64.Build.0 = Debug|x64
		{CC6061EB-E38D-4F0D-9F7A-BC01A7A761D9}.Release|Win32.ActiveCfg = Release|Win32
		{CC6061EB-E38D-4F0D-9F7A-BC01A7A761D9}.Release|Win32.Build.0 = Release|Win32
		{CC6061EB-E38D-4F0D-9F7A-BC01A7A761D9}.Release|x64.ActiveCfg = Release|x64
		{CC6061EB-E38D-4F0D-9F7A-BC01A7A761D9}.Release|x64.Build.0 = Release|x64
		{1AF5CA78-79B4-4E4E-8BBB-B9095D8D64B3}.Debug|Win32.ActiveCfg = Debug|Win32
		{1AF5CA78-79B4-4E4E-8BBB-B9095D8D64B3}.Debug|Win32.Build.0 = Debug|Win32
		{1AF5CA78-79B4-4E4E-8BBB-B9095D8D64B3}.Debug|x64.ActiveCfg = Debug|x64
		{1AF5CA78-79B4-4E4E-8BBB-B9095D8D64B3}.Debug|x64.Build.0 = Debug|x64
		{1AF5CA78-79B4-4E4E-8BBB-B9095D8D64B3}.Release|Win32.ActiveCfg = Release|Win32
		{1AF5CA78-79B4-4E4E-8BBB-B9095D8D64B3}.Release|Win32.Build.0 = Release|Win32
		{1AF5CA78-79B4-4E4E-8BBB-B9095D8D64B3}.Release|x64.ActiveCfg = Release|x64
		{1AF5CA78-79B4-4E4E-8BBB-B9095D8D64B3}.Release|x64.Build.0 = Release|x64
		{47B33BE7-E9A5-4ED7-ABE3-E6263196FDFC}.Debug|Win32.ActiveCfg = Debug|Win32
		{47B33BE7-E9A5-4ED7-ABE3-E6263196FDFC}.Debug|Win32.Build.0 = Debug|Win32
		{47B33BE7-E9A5-4ED7-ABE3-E6263196FDFC}.Debug|x64.ActiveCfg = Debug|x64
		{47B33BE7-E9A5-4ED7-ABE3-E6263196FDFC}.Debug|x64.Build.0 = Debug|x64
		{47B33BE7-E9A5-4ED7-ABE3-E6263196FDFC}.Release|Win32.ActiveCfg = Release|Win32
		{47B33BE7-E9A5-4ED7-ABE3-E6263196FDFC}.Release|Win32.Build.0 = Release|Win32
		{47B33BE7-E9A5-4ED7-ABE3-E6263196FDFC}.Release|x64.ActiveCfg = Release|x64
		{47B33BE7-E9A5-4ED7-ABE3-E6263196FDFC}.Release|x64.Build.0 = Release|x64
		{CD1804E3-F6F2-4AB1-AB45-3B012F9AAB6B}.Debug|Win32.ActiveCfg = Debug|Win32
		{CD1804E3-F6F2-4AB1-AB45-3B012F9AAB6B}.Debug|Win32.Build.0 = Debug|Win32
		{CD1804E3-F6F2-4AB1-AB45-3B012F9AAB6B}.Debug|x64.ActiveCfg = Debug|x64
		{CD1804E3-F6F2-4AB1-AB45-3B012F9AAB6B}.Debug|x64.Build.0 = Debug|x64
		{CD1804E3-F6F2-4AB1-AB45-3B012F9AAB6B}.Release|Win32.ActiveCfg = Release|Win32
		{CD1804E3-F6F2-4AB1-AB45-3B012F9AAB6B}.Release|Win32.Build.0 = Release|Win32
		{CD1804E3-F6F2-4AB1-AB45-3B012F9AAB6B}.Release|x64.ActiveCfg = Release|x64
		{CD1804E3-F6F2-4AB1-AB45-3B012F9AAB6B}.Release|x64.Build.0 = Release|x64
		{FBE34DC5-F046-47CD-B384-5A95B32620A8}.Debug|Win32.ActiveCfg = Debug|Win32
		{FBE34DC5-F046-47CD-B384-5A95B32620A8}.Debug|Win32.Build.0 = Debug|Win32
		{FBE34DC5-F046-47CD-B384-5A95B32620A8}.Debug|x64.ActiveCfg = Debug|x64
		{FBE34DC5-F046-47CD-B384-5A95B32620A8}.Debug|x64.Build.0 = Debug|x64
		{FBE34DC5-F046-47CD-B384-5A95B32620A8}.Release|Win32.ActiveCfg = Release|Win32
		{FBE34DC5-F046-47CD-B384-5A95B32620A8}.Release|Win32.Build.0 = Release|Win32
		{FBE34DC5-F046-47CD-B384-5A95B32620A8}.Release|x64.ActiveCfg = Release|x64
		{FBE34DC5-F046-47CD-B384-5A95B32620A8}.Release|x64.Build.0 = Release|x64
		{3D5A56BF-9AF5-4661-9ABE-2E1F14168942}.Debug|Win32.ActiveCfg = Debug|Win32
		{3D5A56BF-9AF5-4661-9ABE-2E1F14168942}.Debug|Win32.Build.0 = Debug|Win32
		{3D5A56BF-9AF5-4661-9ABE-2E1F14168942}.Debug|x64.ActiveCfg = Debug|x64
		{3D5A56BF-9AF5-4661-9ABE-2E1F14168942}.Debug|x64.Build.0 = Debug|x64
		{3D5A56BF-9AF5-4661-9ABE-2E1F14168942}.Release|Win32.ActiveCfg = Release|Win32
		{3D5A56BF-9AF5-4661-9ABE-2E1F14168942}.Release|Win32.Build.0 = Release|Win32
		{3D5A56BF-9AF5-4661-9ABE-2E1F14168942}.Release|x64.ActiveCfg = Release|x64
		{3D5A56BF-9AF5-4661-9ABE-2E1F14168942}.Release|x64.Build.0 = Release|x64
		{5CDA05E0-8C49-4BE4-B157-95423653EDE3}.Debug|Win32.ActiveCfg = Debug|Win32
		{5CDA05E0-8C49-4BE4-B157-95423653EDE3}.Debug|Win32.Build.0 = Debug|Win32
		{5CDA05E0-8C49-4BE4-B157-95423653EDE3}.Debug|x64.ActiveCfg = Debug|x64
		{5CDA05E0-8C49-4BE4-B157-95423653EDE3}.Debug|x64.Build.0 = Debug|x64
		{5CDA05E0-8C49-4BE4-B157-95423653EDE3}.Release|Win32.ActiveCfg = Release|Win32
		{5CDA05E0-8C49-4BE4-B157-95423653EDE3}.Release|Win32.Build.0 = Release|Win32
		{5CDA05E0-8C49-4BE4-B157-95423653EDE3}.Release|x64.ActiveCfg = Release|x64
		{5CDA05E0-8C49-4BE4-B157-95423653EDE3}.Release|x64.Build.0 = Release|x64
		{E4B4F197-4192-421A-8D41-ADB6A0E25B51}.Debug|Win32.ActiveCfg = Debug|Win32
		{E4B4F197-4192-421A-8D41-ADB6A0E25B51}.Debug|Win32.Build.0 = Debug|Win32
		{E4B4F197-4192-421A-8D41-ADB6A0E25B51}.Debug|x64.ActiveCfg = Debug|x64
		{E4B4F197-4192-421A-8D41-ADB6A0E25B51}.Debug|x64.Build.0 = Debug|x64
		{E4B4F197-4192-421A-8D41-ADB6A0E25B51}.Release|Win32.ActiveCfg = Release|Win32
		{E4B4F197-4192-421A-8D41-ADB6A0E25B51}.Release|Win32.Build.0 = Release|Win32
		{E4B4F197-4192-421A-8D41-ADB6A0E25B51}.Release|x64.ActiveCfg = Release|x64
		{E4B4F197-4192-421A-8D41-ADB6A0E25B51}.Release|x64.Build.0 = Release|x64
		{17049036-883C-4374-B17D-5C4E59BC1196}.Debug|Win32.ActiveCfg = Debug|Win32
		{17049036-883C-4374-B17D-5C4E59BC1196}.Debug|Win32.Build.0 = Debug|Win32
		{17049036-883C-4374-B17D-5C4E59BC1196}.Debug|x64.ActiveCfg = Debug|x64
		{17049036-883C-4374-B17D-5C4E59BC1196}.Debug|x64.Build.0 = Debug|x64
		{17049036-883C-4374-B17D-5C4E59BC1196}.Release|Win32.ActiveCfg = Release|Win32
		{17049036-883C-4374-B17D-5C4E59BC1196}.Release|Win32.Build.0 = Release|Win32
		{17049036-883C-4374-B17D-5C4E59BC1196}.Release|x64.ActiveCfg = Release|x64
		{17049036-883C-4374-B17D-5C4E59BC1196}.Release|x64.Build.0 = Release|x64
		{64CCC365-FDB1-4018-BE40-4566183B5000}.Debug|Win32.ActiveCfg = Debug|Win32
		{64CCC365-FDB1-4018-BE40-4566183B5000}.Debug|Win32.Build.0 = Debug|Win32
		{64CCC365-FDB1-4018-BE40-4566183B5000}.Debug|x64.ActiveCfg = Debug|x64
		{64CCC365-FDB1-4018-BE40-4566183B5000}.Debug|x64.Build.0 = Debug|x64
		{64CCC365-FDB1-4018-BE40-4566183B5000}.Release|Win32.ActiveCfg = Release|Win32
		{64CCC365-FDB1-4018-BE40-4566183B5000}.Release|Win32.Build.0 = Release|Win32
		{64CCC365-FDB1-4018-BE40-4566183B5000}.Release|x64.ActiveCfg = Release|x64
		{64CCC365-FDB1-4018-BE40-4566183B5000}.Release|x64.Build.0 = Release|x64
	EndGlobalSection
	GlobalSection(SolutionProperties) = preSolution
		HideSolutionNode = FALSE
	EndGlobalSection
	GlobalSection(NestedProjects) = preSolution
		{8EE4B61B-F372-48AD-ACC6-DA53EB4742AC} = {356D83DF-9894-45E8-8308-9384DF1B54DD}
		{9A971A00-A016-4CC7-856D-939B5C1F895C} = {9C71B613-75C3-4413-8781-D6192351B49F}
		{849D84B9-F80B-464B-83C1-D65F491D91EF} = {356D83DF-9894-45E8-8308-9384DF1B54DD}
		{DBBF5B43-FF47-437C-85E5-FB7C024AAB61} = {9C71B613-75C3-4413-8781-D6192351B49F}
		{1EF8CA33-6355-4206-B3CF-E500498AA67D} = {9C71B613-75C3-4413-8781-D6192351B49F}
		{E980D758-3460-4AA1-8171-8EDA286C4CBD} = {356D83DF-9894-45E8-8308-9384DF1B54DD}
		{26E5C79B-2939-4A59-B748-17585809457F} = {356D83DF-9894-45E8-8308-9384DF1B54DD}
		{262887DA-7F1F-4436-89CC-B48BC53018ED} = {356D83DF-9894-45E8-8308-9384DF1B54DD}
		{CC6061EB-E38D-4F0D-9F7A-BC01A7A761D9} = {356D83DF-9894-45E8-8308-9384DF1B54DD}
		{1AF5CA78-79B4-4E4E-8BBB-B9095D8D64B3} = {356D83DF-9894-45E8-8308-9384DF1B54DD}
		{47B33BE7-E9A5-4ED7-ABE3-E6263196FDFC} = {356D83DF-9894-45E8-8308-9384DF1B54DD}
		{CD1804E3-F6F2-4AB1-AB45-3B012F9AAB6B} = {356D83DF-9894-45E8-8308-9384DF1B54DD}
		{FBE34DC5-F046-47CD-B384-5A95B32620A8} = {356D83DF-9894-45E8-8308-9384DF1B54DD}
		{3D5A56BF-9AF5-4661-9ABE-2E1F14168942} = {356D83DF-9894-45E8-8308-9384DF1B54DD}
		{5CDA05E0-8C49-4BE4-B157-95423653EDE3} = {356D83DF-9894-45E8-8308-9384DF1B54DD}
		{E4B4F197-4192-421A-8D41-ADB6A0E25B51} = {356D83DF-9894-45E8-8308-9384DF1B54DD}
		{17049036-883C-4374-B17D-5C4E59BC1196} = {356D83DF-9894-45E8-8308-9384DF1B54DD}
		{64CCC365-FDB1-4018-BE40-4566183B5000} = {9C71B613-75C3-4413-8781-D6192351B49F}
	EndGlobalSection
EndGlobal
