<?xml version="1.0" encoding="utf-8"?>
<Project ToolsVersion="4.0" xmlns="http://schemas.microsoft.com/developer/msbuild/2003">
  <ItemGroup>
    <Filter Include="TransitionEffects">
      <UniqueIdentifier>{f7bb1e6b-d316-4baa-8be2-55a2b02e51a8}</UniqueIdentifier>
    </Filter>
  </ItemGroup>
  <ItemGroup>
    <ClInclude Include=".\WorkArea.h" />
    <ClInclude Include="Bangs.h" />
    <ClInclude Include="ClickHandler.hpp" />
    <ClInclude Include="Constants.h" />
    <ClInclude Include=".\DesktopPainter.hpp" />
    <ClInclude Include="Settings.h" />
    <ClInclude Include="TransitionEffect.hpp" />
    <ClInclude Include="TransitionEffects.h" />
    <ClInclude Include="Version.h" />
    <ClInclude Include="TransitionEffects\SlideEffect.hpp">
      <Filter>TransitionEffects</Filter>
    </ClInclude>
    <ClInclude Include="TransitionEffects\BlindsEffect.hpp">
      <Filter>TransitionEffects</Filter>
    </ClInclude>
    <ClInclude Include="TransitionEffects\CircularEffect.hpp">
      <Filter>TransitionEffects</Filter>
    </ClInclude>
    <ClInclude Include=".\TransitionEffects\FadeEffect.hpp">
      <Filter>TransitionEffects</Filter>
    </ClInclude>
    <ClInclude Include=".\TransitionEffects\GridEffect.hpp">
      <Filter>TransitionEffects</Filter>
    </ClInclude>
  </ItemGroup>
  <ItemGroup>
    <ClCompile Include=".\TransitionEffects\FadeEffect.cpp">
      <Filter>TransitionEffects</Filter>
    </ClCompile>
    <ClCompile Include="TransitionEffects\BlindsEffect.cpp">
      <Filter>TransitionEffects</Filter>
    </ClCompile>
    <ClCompile Include="TransitionEffects\SlideEffect.cpp">
      <Filter>TransitionEffects</Filter>
    </ClCompile>
    <ClCompile Include="TransitionEffects\GridEffect.cpp">
      <Filter>TransitionEffects</Filter>
    </ClCompile>
    <ClCompile Include="TransitionEffects\CircularEffect.cpp">
      <Filter>TransitionEffects</Filter>
    </ClCompile>
    <ClCompile Include="WorkArea.cpp" />
    <ClCompile Include="Bangs.cpp" />
    <ClCompile Include="ClickHandler.cpp" />
    <ClCompile Include="DesktopPainter.cpp" />
    <ClCompile Include="nDesk.cpp" />
    <ClCompile Include="Settings.cpp" />
  </ItemGroup>
  <ItemGroup>
    <ResourceCompile Include="nDesk.rc" />
  </ItemGroup>
</Project>